Microsoft Visual Studio Solution File, Format Version 12.00
# Visual Studio Version 17
VisualStudioVersion = 17.5.2.0
MinimumVisualStudioVersion = 10.0.40219.1
Project("{2150E333-8FDC-42A3-9474-1A3956D46DE8}") = "APL2007M5BankAccount", "APL2007M5BankAccount", "{45A33A13-04D6-0B08-430C-FC8781AE7B8C}"
EndProject
Project("{2150E333-8FDC-42A3-9474-1A3956D46DE8}") = "APL2007M5BankAccount-Reliability", "APL2007M5BankAccount-Reliability", "{C516925F-FA27-C587-FC22-E3C97D49ABAE}"
EndProject
Project("{2150E333-8FDC-42A3-9474-1A3956D46DE8}") = "APL2007M5BankAccount-Security", "APL2007M5BankAccount-Security", "{7C4FDD80-2A28-6315-FD3B-ACD3980CD472}"
EndProject
Project("{FAE04EC0-301F-11D3-BF4B-00C04F79EFBC}") = "BankAccount.UnitTests", "APL2007M5BankAccount\BankAccount.UnitTests\BankAccount.UnitTests.csproj", "{EDAB7417-0A9D-0119-C454-AC7B62CC82CA}"
EndProject
Project("{FAE04EC0-301F-11D3-BF4B-00C04F79EFBC}") = "BankAccount", "APL2007M5BankAccount\BankAccountClass\BankAccount.csproj", "{C5B5D5FF-EF2F-E4F1-471D-DDE6E095B447}"
EndProject
Project("{FAE04EC0-301F-11D3-BF4B-00C04F79EFBC}") = "BankAccount.UnitTests", "APL2007M5BankAccount-Reliability\BankAccount.UnitTests\BankAccount.UnitTests.csproj", "{ED1A8688-5E79-EE4B-014B-37B25BDFB019}"
EndProject
Project("{FAE04EC0-301F-11D3-BF4B-00C04F79EFBC}") = "BankAccount", "APL2007M5BankAccount-Reliability\BankAccountClass\BankAccount.csproj", "{8CBA3B24-9347-7302-6DB2-F2413924E061}"
EndProject
Project("{FAE04EC0-301F-11D3-BF4B-00C04F79EFBC}") = "BankAccount.UnitTests", "APL2007M5BankAccount-Security\BankAccount.UnitTests\BankAccount.UnitTests.csproj", "{1FBF7311-8D17-5BBE-2A43-33A06FF09FB8}"
EndProject
Project("{FAE04EC0-301F-11D3-BF4B-00C04F79EFBC}") = "BankAccount", "APL2007M5BankAccount-Security\BankAccountClass\BankAccount.csproj", "{FC57E30A-FCD5-B8FD-0A4F-88BE23562C3E}"
EndProject
Global
	GlobalSection(SolutionConfigurationPlatforms) = preSolution
		Debug|Any CPU = Debug|Any CPU
		Release|Any CPU = Release|Any CPU
	EndGlobalSection
	GlobalSection(ProjectConfigurationPlatforms) = postSolution
		{EDAB7417-0A9D-0119-C454-AC7B62CC82CA}.Debug|Any CPU.ActiveCfg = Debug|Any CPU
		{EDAB7417-0A9D-0119-C454-AC7B62CC82CA}.Debug|Any CPU.Build.0 = Debug|Any CPU
		{EDAB7417-0A9D-0119-C454-AC7B62CC82CA}.Release|Any CPU.ActiveCfg = Release|Any CPU
		{EDAB7417-0A9D-0119-C454-AC7B62CC82CA}.Release|Any CPU.Build.0 = Release|Any CPU
		{C5B5D5FF-EF2F-E4F1-471D-DDE6E095B447}.Debug|Any CPU.ActiveCfg = Debug|Any CPU
		{C5B5D5FF-EF2F-E4F1-471D-DDE6E095B447}.Debug|Any CPU.Build.0 = Debug|Any CPU
		{C5B5D5FF-EF2F-E4F1-471D-DDE6E095B447}.Release|Any CPU.ActiveCfg = Release|Any CPU
		{C5B5D5FF-EF2F-E4F1-471D-DDE6E095B447}.Release|Any CPU.Build.0 = Release|Any CPU
		{ED1A8688-5E79-EE4B-014B-37B25BDFB019}.Debug|Any CPU.ActiveCfg = Debug|Any CPU
		{ED1A8688-5E79-EE4B-014B-37B25BDFB019}.Debug|Any CPU.Build.0 = Debug|Any CPU
		{ED1A8688-5E79-EE4B-014B-37B25BDFB019}.Release|Any CPU.ActiveCfg = Release|Any CPU
		{ED1A8688-5E79-EE4B-014B-37B25BDFB019}.Release|Any CPU.Build.0 = Release|Any CPU
		{8CBA3B24-9347-7302-6DB2-F2413924E061}.Debug|Any CPU.ActiveCfg = Debug|Any CPU
		{8CBA3B24-9347-7302-6DB2-F2413924E061}.Debug|Any CPU.Build.0 = Debug|Any CPU
		{8CBA3B24-9347-7302-6DB2-F2413924E061}.Release|Any CPU.ActiveCfg = Release|Any CPU
		{8CBA3B24-9347-7302-6DB2-F2413924E061}.Release|Any CPU.Build.0 = Release|Any CPU
		{1FBF7311-8D17-5BBE-2A43-33A06FF09FB8}.Debug|Any CPU.ActiveCfg = Debug|Any CPU
		{1FBF7311-8D17-5BBE-2A43-33A06FF09FB8}.Debug|Any CPU.Build.0 = Debug|Any CPU
		{1FBF7311-8D17-5BBE-2A43-33A06FF09FB8}.Release|Any CPU.ActiveCfg = Release|Any CPU
		{1FBF7311-8D17-5BBE-2A43-33A06FF09FB8}.Release|Any CPU.Build.0 = Release|Any CPU
		{FC57E30A-FCD5-B8FD-0A4F-88BE23562C3E}.Debug|Any CPU.ActiveCfg = Debug|Any CPU
		{FC57E30A-FCD5-B8FD-0A4F-88BE23562C3E}.Debug|Any CPU.Build.0 = Debug|Any CPU
		{FC57E30A-FCD5-B8FD-0A4F-88BE23562C3E}.Release|Any CPU.ActiveCfg = Release|Any CPU
		{FC57E30A-FCD5-B8FD-0A4F-88BE23562C3E}.Release|Any CPU.Build.0 = Release|Any CPU
	EndGlobalSection
	GlobalSection(SolutionProperties) = preSolution
		HideSolutionNode = FALSE
	EndGlobalSection
	GlobalSection(NestedProjects) = preSolution
		{EDAB7417-0A9D-0119-C454-AC7B62CC82CA} = {45A33A13-04D6-0B08-430C-FC8781AE7B8C}
		{C5B5D5FF-EF2F-E4F1-471D-DDE6E095B447} = {45A33A13-04D6-0B08-430C-FC8781AE7B8C}
		{ED1A8688-5E79-EE4B-014B-37B25BDFB019} = {C516925F-FA27-C587-FC22-E3C97D49ABAE}
		{8CBA3B24-9347-7302-6DB2-F2413924E061} = {C516925F-FA27-C587-FC22-E3C97D49ABAE}
		{1FBF7311-8D17-5BBE-2A43-33A06FF09FB8} = {7C4FDD80-2A28-6315-FD3B-ACD3980CD472}
		{FC57E30A-FCD5-B8FD-0A4F-88BE23562C3E} = {7C4FDD80-2A28-6315-FD3B-ACD3980CD472}
	EndGlobalSection
	GlobalSection(ExtensibilityGlobals) = postSolution
		SolutionGuid = {E45F1FD1-93AE-4E76-813C-65ADAF051D6D}
	EndGlobalSection
EndGlobal
